
Microsoft Visual Studio Solution File, Format Version 12.00
# Visual Studio Version 17
VisualStudioVersion = 17.6.33723.286
MinimumVisualStudioVersion = 10.0.40219.1
Project("{9A19103F-16F7-4668-BE54-9A1E7A4F7556}") = "Ecomm.Models", "..\..\AsyncMicroserviceCommunicationRabbitMQ\Ecomm.Models\Ecomm.Models.csproj", "{3AFD8FC1-BE2A-451D-8555-F73F272F48E5}"
EndProject
Project("{FAE04EC0-301F-11D3-BF4B-00C04F79EFBC}") = "Ecomm", "ECommerceApp\Ecomm.csproj", "{721007B2-BD4F-41DE-8ADE-7300639F97A0}"
EndProject
Global
	GlobalSection(SolutionConfigurationPlatforms) = preSolution
		Debug|Any CPU = Debug|Any CPU
		Release|Any CPU = Release|Any CPU
	EndGlobalSection
	GlobalSection(ProjectConfigurationPlatforms) = postSolution
		{3AFD8FC1-BE2A-451D-8555-F73F272F48E5}.Debug|Any CPU.ActiveCfg = Debug|Any CPU
		{3AFD8FC1-BE2A-451D-8555-F73F272F48E5}.Debug|Any CPU.Build.0 = Debug|Any CPU
		{3AFD8FC1-BE2A-451D-8555-F73F272F48E5}.Release|Any CPU.ActiveCfg = Release|Any CPU
		{3AFD8FC1-BE2A-451D-8555-F73F272F48E5}.Release|Any CPU.Build.0 = Release|Any CPU
		{721007B2-BD4F-41DE-8ADE-7300639F97A0}.Debug|Any CPU.ActiveCfg = Debug|Any CPU
		{721007B2-BD4F-41DE-8ADE-7300639F97A0}.Debug|Any CPU.Build.0 = Debug|Any CPU
		{721007B2-BD4F-41DE-8ADE-7300639F97A0}.Release|Any CPU.ActiveCfg = Release|Any CPU
		{721007B2-BD4F-41DE-8ADE-7300639F97A0}.Release|Any CPU.Build.0 = Release|Any CPU
	EndGlobalSection
	GlobalSection(SolutionProperties) = preSolution
		HideSolutionNode = FALSE
	EndGlobalSection
	GlobalSection(ExtensibilityGlobals) = postSolution
		SolutionGuid = {DE73F85A-2033-4A7C-9EA1-DA1D5CDAE4CE}
	EndGlobalSection
EndGlobal
