
Microsoft Visual Studio Solution File, Format Version 12.00
# Visual Studio Version 17
VisualStudioVersion = 17.6.33723.286
MinimumVisualStudioVersion = 10.0.40219.1
Project("{FAE04EC0-301F-11D3-BF4B-00C04F79EFBC}") = "ReportService", "ReportService\ReportService.csproj", "{C7615FB1-AB3E-4731-B213-B7C29211CDAC}"
EndProject
Global
	GlobalSection(SolutionConfigurationPlatforms) = preSolution
		Debug|Any CPU = Debug|Any CPU
		Release|Any CPU = Release|Any CPU
	EndGlobalSection
	GlobalSection(ProjectConfigurationPlatforms) = postSolution
		{C7615FB1-AB3E-4731-B213-B7C29211CDAC}.Debug|Any CPU.ActiveCfg = Debug|Any CPU
		{C7615FB1-AB3E-4731-B213-B7C29211CDAC}.Debug|Any CPU.Build.0 = Debug|Any CPU
		{C7615FB1-AB3E-4731-B213-B7C29211CDAC}.Release|Any CPU.ActiveCfg = Release|Any CPU
		{C7615FB1-AB3E-4731-B213-B7C29211CDAC}.Release|Any CPU.Build.0 = Release|Any CPU
	EndGlobalSection
	GlobalSection(SolutionProperties) = preSolution
		HideSolutionNode = FALSE
	EndGlobalSection
	GlobalSection(ExtensibilityGlobals) = postSolution
		SolutionGuid = {ADA4126A-BAAD-4808-A039-735B123FF925}
	EndGlobalSection
EndGlobal
